
Microsoft Visual Studio Solution File, Format Version 12.00
# Visual Studio Version 16
VisualStudioVersion = 16.0.810.20
MinimumVisualStudioVersion = 10.0.40219.1
Project("{FAE04EC0-301F-11D3-BF4B-00C04F79EFBC}") = "RusticCosmos", "RusticCosmos\RusticCosmos.csproj", "{07AC0604-0F0F-4AD7-99EF-7F2CB49BAF9B}"
EndProject
Global
	GlobalSection(SolutionConfigurationPlatforms) = preSolution
		Debug|anycpu = Debug|anycpu
		Release|anycpu = Release|anycpu
	EndGlobalSection
	GlobalSection(ProjectConfigurationPlatforms) = postSolution
		{07AC0604-0F0F-4AD7-99EF-7F2CB49BAF9B}.Debug|anycpu.ActiveCfg = Debug|anycpu
		{07AC0604-0F0F-4AD7-99EF-7F2CB49BAF9B}.Debug|anycpu.Build.0 = Debug|anycpu
		{07AC0604-0F0F-4AD7-99EF-7F2CB49BAF9B}.Release|anycpu.ActiveCfg = Release|anycpu
		{07AC0604-0F0F-4AD7-99EF-7F2CB49BAF9B}.Release|anycpu.Build.0 = Release|anycpu
	EndGlobalSection
	GlobalSection(SolutionProperties) = preSolution
		HideSolutionNode = FALSE
	EndGlobalSection
	GlobalSection(ExtensibilityGlobals) = postSolution
		SolutionGuid = {6E5EB37C-89DA-4631-8C39-535F301DC1CD}
	EndGlobalSection
EndGlobal
